[[package]]
category = "main"
description = "show stock info"
name = "stock-quote-cli"
optional = false
python-versions = "*"
version = "1.0.0"

[metadata]
content-hash = "cbd35ac5485f963353947bb2c376fe541c224a1c0e34a10e8787fb3f98c02754"
python-versions = "^3.8"

[metadata.files]
stock-quote-cli = [
    {file = "stock-quote-cli-1.0.0.tar.gz", hash = "sha256:8c4dedd976670bd30cc2a0569f10ba7f51b70967ae2d64677252955051fd5cd5"},
    {file = "stock_quote_cli-1.0.0-py2-none-any.whl", hash = "sha256:b4734a624e8b2249b8ca14bef05d5516c897456a598b2750ec5d07e9e8e82bc5"},
]
